
Microsoft Visual Studio Solution File, Format Version 12.00
# Visual Studio Version 16
VisualStudioVersion = 16.0.29326.143
MinimumVisualStudioVersion = 10.0.40219.1
Project("{FAE04EC0-301F-11D3-BF4B-00C04F79EFBC}") = "WebApplication1", "WebApplication1.csproj", "{820AB617-CD42-437F-8F00-70078C73F026}"
EndProject
Project("{2150E333-8FDC-42A3-9474-1A3956D46DE8}") = "Solution Items", "Solution Items", "{2D419AA1-80AE-4881-ACCC-F6D97DA9FCCE}"
EndProject
Project("{FAE04EC0-301F-11D3-BF4B-00C04F79EFBC}") = "ConsoleApp1", "..\ConsoleApp1\ConsoleApp1.csproj", "{4FE9E6BD-3E9E-4310-9D68-3E3CE964CB7C}"
EndProject
Project("{FAE04EC0-301F-11D3-BF4B-00C04F79EFBC}") = "Server1", "..\Server1\Server1.csproj", "{82119428-7E8D-4D2E-A635-38AC2A4D0808}"
EndProject
Project("{FAE04EC0-301F-11D3-BF4B-00C04F79EFBC}") = "WindowsServicetest", "..\WindowsServicetest\WindowsServicetest.csproj", "{C2FE40FC-4595-49CF-BA92-12287B7F7C9B}"
EndProject
Global
	GlobalSection(SolutionConfigurationPlatforms) = preSolution
		Debug|Any CPU = Debug|Any CPU
		Release|Any CPU = Release|Any CPU
	EndGlobalSection
	GlobalSection(ProjectConfigurationPlatforms) = postSolution
		{820AB617-CD42-437F-8F00-70078C73F026}.Debug|Any CPU.ActiveCfg = Debug|Any CPU
		{820AB617-CD42-437F-8F00-70078C73F026}.Debug|Any CPU.Build.0 = Debug|Any CPU
		{820AB617-CD42-437F-8F00-70078C73F026}.Release|Any CPU.ActiveCfg = Release|Any CPU
		{820AB617-CD42-437F-8F00-70078C73F026}.Release|Any CPU.Build.0 = Release|Any CPU
		{4FE9E6BD-3E9E-4310-9D68-3E3CE964CB7C}.Debug|Any CPU.ActiveCfg = Debug|Any CPU
		{4FE9E6BD-3E9E-4310-9D68-3E3CE964CB7C}.Debug|Any CPU.Build.0 = Debug|Any CPU
		{4FE9E6BD-3E9E-4310-9D68-3E3CE964CB7C}.Release|Any CPU.ActiveCfg = Release|Any CPU
		{4FE9E6BD-3E9E-4310-9D68-3E3CE964CB7C}.Release|Any CPU.Build.0 = Release|Any CPU
		{82119428-7E8D-4D2E-A635-38AC2A4D0808}.Debug|Any CPU.ActiveCfg = Debug|Any CPU
		{82119428-7E8D-4D2E-A635-38AC2A4D0808}.Debug|Any CPU.Build.0 = Debug|Any CPU
		{82119428-7E8D-4D2E-A635-38AC2A4D0808}.Release|Any CPU.ActiveCfg = Release|Any CPU
		{82119428-7E8D-4D2E-A635-38AC2A4D0808}.Release|Any CPU.Build.0 = Release|Any CPU
		{C2FE40FC-4595-49CF-BA92-12287B7F7C9B}.Debug|Any CPU.ActiveCfg = Debug|Any CPU
		{C2FE40FC-4595-49CF-BA92-12287B7F7C9B}.Debug|Any CPU.Build.0 = Debug|Any CPU
		{C2FE40FC-4595-49CF-BA92-12287B7F7C9B}.Release|Any CPU.ActiveCfg = Release|Any CPU
		{C2FE40FC-4595-49CF-BA92-12287B7F7C9B}.Release|Any CPU.Build.0 = Release|Any CPU
	EndGlobalSection
	GlobalSection(SolutionProperties) = preSolution
		HideSolutionNode = FALSE
	EndGlobalSection
	GlobalSection(ExtensibilityGlobals) = postSolution
		SolutionGuid = {7E2D73EA-B53A-4FDC-B357-025592CFE17B}
	EndGlobalSection
EndGlobal
